
Microsoft Visual Studio Solution File, Format Version 12.00
# Visual Studio 15
VisualStudioVersion = 15.0.28010.2050
MinimumVisualStudioVersion = 10.0.40219.1
Project("{8BC9CEB8-8B4A-11D0-8D11-00A0C91BC942}") = "MKS", "MKS.vcxproj", "{D6DEB1DB-73FE-451C-896A-CC912BF64D62}"
EndProject
Project("{8BC9CEB8-8B4A-11D0-8D11-00A0C91BC942}") = "ChildProcess", "..\ChildProcess\ChildProcess.vcxproj", "{B0238122-A520-433A-AE43-893E8FBBDF26}"
EndProject
Global
	GlobalSection(SolutionConfigurationPlatforms) = preSolution
		Debug|x64 = Debug|x64
		Debug|x86 = Debug|x86
		Release|x64 = Release|x64
		Release|x86 = Release|x86
	EndGlobalSection
	GlobalSection(ProjectConfigurationPlatforms) = postSolution
		{D6DEB1DB-73FE-451C-896A-CC912BF64D62}.Debug|x64.ActiveCfg = Debug|x64
		{D6DEB1DB-73FE-451C-896A-CC912BF64D62}.Debug|x64.Build.0 = Debug|x64
		{D6DEB1DB-73FE-451C-896A-CC912BF64D62}.Debug|x86.ActiveCfg = Debug|Win32
		{D6DEB1DB-73FE-451C-896A-CC912BF64D62}.Debug|x86.Build.0 = Debug|Win32
		{D6DEB1DB-73FE-451C-896A-CC912BF64D62}.Release|x64.ActiveCfg = Release|x64
		{D6DEB1DB-73FE-451C-896A-CC912BF64D62}.Release|x64.Build.0 = Release|x64
		{D6DEB1DB-73FE-451C-896A-CC912BF64D62}.Release|x86.ActiveCfg = Release|Win32
		{D6DEB1DB-73FE-451C-896A-CC912BF64D62}.Release|x86.Build.0 = Release|Win32
		{B0238122-A520-433A-AE43-893E8FBBDF26}.Debug|x64.ActiveCfg = Debug|x64
		{B0238122-A520-433A-AE43-893E8FBBDF26}.Debug|x86.ActiveCfg = Debug|Win32
		{B0238122-A520-433A-AE43-893E8FBBDF26}.Debug|x86.Build.0 = Debug|Win32
		{B0238122-A520-433A-AE43-893E8FBBDF26}.Release|x64.ActiveCfg = Release|x64
		{B0238122-A520-433A-AE43-893E8FBBDF26}.Release|x86.ActiveCfg = Release|Win32
		{B0238122-A520-433A-AE43-893E8FBBDF26}.Release|x86.Build.0 = Release|Win32
	EndGlobalSection
	GlobalSection(SolutionProperties) = preSolution
		HideSolutionNode = FALSE
	EndGlobalSection
	GlobalSection(ExtensibilityGlobals) = postSolution
		SolutionGuid = {19C80F83-ECF0-4544-AD27-71E0254D51A7}
	EndGlobalSection
EndGlobal
